
Microsoft Visual Studio Solution File, Format Version 12.00
# Visual Studio 15
VisualStudioVersion = 15.0.27703.2000
MinimumVisualStudioVersion = 10.0.40219.1
Project("{2150E333-8FDC-42A3-9474-1A3956D46DE8}") = "Hosts", "Hosts", "{A018063E-5C0C-447A-8BB1-F5F54E2BEB7D}"
EndProject
Project("{2150E333-8FDC-42A3-9474-1A3956D46DE8}") = "BoundedContexts", "BoundedContexts", "{54EB0159-1531-44FB-8A1E-D30ED90C64A6}"
EndProject
Project("{2150E333-8FDC-42A3-9474-1A3956D46DE8}") = "Commons", "Commons", "{F43D0D93-BFC6-46FB-A2B3-BC1A14185A15}"
EndProject
Project("{2150E333-8FDC-42A3-9474-1A3956D46DE8}") = "Tests", "Tests", "{DD794A54-36E1-4BB4-A3C5-EB69D3CC4A4E}"
EndProject
Project("{9A19103F-16F7-4668-BE54-9A1E7A4F7556}") = "API", "Hosts\API\API.csproj", "{8B500163-2435-4823-89B7-9E2BEA7A91CD}"
EndProject
Project("{9A19103F-16F7-4668-BE54-9A1E7A4F7556}") = "SharedKernel", "Commons\SharedKernel\SharedKernel.csproj", "{E0A4E5F2-DBDE-4903-9DD6-54588C9AF1BB}"
EndProject
Project("{9A19103F-16F7-4668-BE54-9A1E7A4F7556}") = "Fundamentals", "Fundamentals\Fundamentals.csproj", "{00EE799A-ED9D-4031-A878-D82567C670B4}"
EndProject
Project("{9A19103F-16F7-4668-BE54-9A1E7A4F7556}") = "MakeUps", "BoundedContexts\Sales\MakeUps.csproj", "{0DD2D54B-2A3C-43D9-9AB4-4BEA999A4C3A}"
EndProject
Project("{9A19103F-16F7-4668-BE54-9A1E7A4F7556}") = "BC.MakeUps.Tests", "Tests\BC.Sales.Tests\BC.MakeUps.Tests.csproj", "{388668AE-7655-4FD7-9DD6-B09723AC066A}"
EndProject
Project("{9A19103F-16F7-4668-BE54-9A1E7A4F7556}") = "BC.Orders.Tests", "Tests\BC.Products.Tests\BC.Orders.Tests.csproj", "{52702A7D-9BD4-45BF-BC6B-42BF25B7B991}"
EndProject
Project("{9A19103F-16F7-4668-BE54-9A1E7A4F7556}") = "SharedKernel.Tests", "Tests\SharedKernel.Tests\SharedKernel.Tests.csproj", "{086C3802-13EB-4689-801B-6481E9CE391B}"
EndProject
Project("{9A19103F-16F7-4668-BE54-9A1E7A4F7556}") = "Auth", "Hosts\Auth\Auth.csproj", "{D5180D50-8A05-4B53-81B3-C1C99FBD3917}"
EndProject
Project("{9A19103F-16F7-4668-BE54-9A1E7A4F7556}") = "Orders", "BoundedContexts\Product\Orders.csproj", "{A62B0215-8FED-48FB-BEFE-04D37F075620}"
EndProject
Global
	GlobalSection(SolutionConfigurationPlatforms) = preSolution
		Debug|Any CPU = Debug|Any CPU
		Release|Any CPU = Release|Any CPU
	EndGlobalSection
	GlobalSection(ProjectConfigurationPlatforms) = postSolution
		{8B500163-2435-4823-89B7-9E2BEA7A91CD}.Debug|Any CPU.ActiveCfg = Debug|Any CPU
		{8B500163-2435-4823-89B7-9E2BEA7A91CD}.Debug|Any CPU.Build.0 = Debug|Any CPU
		{8B500163-2435-4823-89B7-9E2BEA7A91CD}.Release|Any CPU.ActiveCfg = Release|Any CPU
		{8B500163-2435-4823-89B7-9E2BEA7A91CD}.Release|Any CPU.Build.0 = Release|Any CPU
		{E0A4E5F2-DBDE-4903-9DD6-54588C9AF1BB}.Debug|Any CPU.ActiveCfg = Debug|Any CPU
		{E0A4E5F2-DBDE-4903-9DD6-54588C9AF1BB}.Debug|Any CPU.Build.0 = Debug|Any CPU
		{E0A4E5F2-DBDE-4903-9DD6-54588C9AF1BB}.Release|Any CPU.ActiveCfg = Release|Any CPU
		{E0A4E5F2-DBDE-4903-9DD6-54588C9AF1BB}.Release|Any CPU.Build.0 = Release|Any CPU
		{00EE799A-ED9D-4031-A878-D82567C670B4}.Debug|Any CPU.ActiveCfg = Debug|Any CPU
		{00EE799A-ED9D-4031-A878-D82567C670B4}.Debug|Any CPU.Build.0 = Debug|Any CPU
		{00EE799A-ED9D-4031-A878-D82567C670B4}.Release|Any CPU.ActiveCfg = Release|Any CPU
		{00EE799A-ED9D-4031-A878-D82567C670B4}.Release|Any CPU.Build.0 = Release|Any CPU
		{0DD2D54B-2A3C-43D9-9AB4-4BEA999A4C3A}.Debug|Any CPU.ActiveCfg = Debug|Any CPU
		{0DD2D54B-2A3C-43D9-9AB4-4BEA999A4C3A}.Debug|Any CPU.Build.0 = Debug|Any CPU
		{0DD2D54B-2A3C-43D9-9AB4-4BEA999A4C3A}.Release|Any CPU.ActiveCfg = Release|Any CPU
		{0DD2D54B-2A3C-43D9-9AB4-4BEA999A4C3A}.Release|Any CPU.Build.0 = Release|Any CPU
		{388668AE-7655-4FD7-9DD6-B09723AC066A}.Debug|Any CPU.ActiveCfg = Debug|Any CPU
		{388668AE-7655-4FD7-9DD6-B09723AC066A}.Debug|Any CPU.Build.0 = Debug|Any CPU
		{388668AE-7655-4FD7-9DD6-B09723AC066A}.Release|Any CPU.ActiveCfg = Release|Any CPU
		{388668AE-7655-4FD7-9DD6-B09723AC066A}.Release|Any CPU.Build.0 = Release|Any CPU
		{52702A7D-9BD4-45BF-BC6B-42BF25B7B991}.Debug|Any CPU.ActiveCfg = Debug|Any CPU
		{52702A7D-9BD4-45BF-BC6B-42BF25B7B991}.Debug|Any CPU.Build.0 = Debug|Any CPU
		{52702A7D-9BD4-45BF-BC6B-42BF25B7B991}.Release|Any CPU.ActiveCfg = Release|Any CPU
		{52702A7D-9BD4-45BF-BC6B-42BF25B7B991}.Release|Any CPU.Build.0 = Release|Any CPU
		{086C3802-13EB-4689-801B-6481E9CE391B}.Debug|Any CPU.ActiveCfg = Debug|Any CPU
		{086C3802-13EB-4689-801B-6481E9CE391B}.Debug|Any CPU.Build.0 = Debug|Any CPU
		{086C3802-13EB-4689-801B-6481E9CE391B}.Release|Any CPU.ActiveCfg = Release|Any CPU
		{086C3802-13EB-4689-801B-6481E9CE391B}.Release|Any CPU.Build.0 = Release|Any CPU
		{D5180D50-8A05-4B53-81B3-C1C99FBD3917}.Debug|Any CPU.ActiveCfg = Debug|Any CPU
		{D5180D50-8A05-4B53-81B3-C1C99FBD3917}.Debug|Any CPU.Build.0 = Debug|Any CPU
		{D5180D50-8A05-4B53-81B3-C1C99FBD3917}.Release|Any CPU.ActiveCfg = Release|Any CPU
		{D5180D50-8A05-4B53-81B3-C1C99FBD3917}.Release|Any CPU.Build.0 = Release|Any CPU
		{A62B0215-8FED-48FB-BEFE-04D37F075620}.Debug|Any CPU.ActiveCfg = Debug|Any CPU
		{A62B0215-8FED-48FB-BEFE-04D37F075620}.Debug|Any CPU.Build.0 = Debug|Any CPU
		{A62B0215-8FED-48FB-BEFE-04D37F075620}.Release|Any CPU.ActiveCfg = Release|Any CPU
		{A62B0215-8FED-48FB-BEFE-04D37F075620}.Release|Any CPU.Build.0 = Release|Any CPU
	EndGlobalSection
	GlobalSection(SolutionProperties) = preSolution
		HideSolutionNode = FALSE
	EndGlobalSection
	GlobalSection(NestedProjects) = preSolution
		{8B500163-2435-4823-89B7-9E2BEA7A91CD} = {A018063E-5C0C-447A-8BB1-F5F54E2BEB7D}
		{E0A4E5F2-DBDE-4903-9DD6-54588C9AF1BB} = {F43D0D93-BFC6-46FB-A2B3-BC1A14185A15}
		{00EE799A-ED9D-4031-A878-D82567C670B4} = {F43D0D93-BFC6-46FB-A2B3-BC1A14185A15}
		{0DD2D54B-2A3C-43D9-9AB4-4BEA999A4C3A} = {54EB0159-1531-44FB-8A1E-D30ED90C64A6}
		{388668AE-7655-4FD7-9DD6-B09723AC066A} = {DD794A54-36E1-4BB4-A3C5-EB69D3CC4A4E}
		{52702A7D-9BD4-45BF-BC6B-42BF25B7B991} = {DD794A54-36E1-4BB4-A3C5-EB69D3CC4A4E}
		{086C3802-13EB-4689-801B-6481E9CE391B} = {DD794A54-36E1-4BB4-A3C5-EB69D3CC4A4E}
		{D5180D50-8A05-4B53-81B3-C1C99FBD3917} = {A018063E-5C0C-447A-8BB1-F5F54E2BEB7D}
		{A62B0215-8FED-48FB-BEFE-04D37F075620} = {54EB0159-1531-44FB-8A1E-D30ED90C64A6}
	EndGlobalSection
	GlobalSection(ExtensibilityGlobals) = postSolution
		SolutionGuid = {72FC16CA-F60B-470A-8697-1A3B84F3441F}
	EndGlobalSection
EndGlobal
